
Microsoft Visual Studio Solution File, Format Version 12.00
# Visual Studio 14
VisualStudioVersion = 14.0.25420.1
MinimumVisualStudioVersion = 10.0.40219.1
Project("{8BC9CEB8-8B4A-11D0-8D11-00A0C91BC942}") = "graphicTutorials", "graphicTutorials\graphicTutorials.vcxproj", "{1918A987-944E-428E-B540-A683FD9F8A92}"
	ProjectSection(ProjectDependencies) = postProject
		{D6C1CAC0-F0F9-4D53-9F75-D754072C32C8} = {D6C1CAC0-F0F9-4D53-9F75-D754072C32C8}
	EndProjectSection
EndProject
Project("{8BC9CEB8-8B4A-11D0-8D11-00A0C91BC942}") = "Bengine", "Bengine\Bengine.vcxproj", "{D6C1CAC0-F0F9-4D53-9F75-D754072C32C8}"
EndProject
Project("{8BC9CEB8-8B4A-11D0-8D11-00A0C91BC942}") = "ZombieGame", "ZombieGame\ZombieGame.vcxproj", "{362311C8-5A70-402F-8848-5CF65265B417}"
	ProjectSection(ProjectDependencies) = postProject
		{D6C1CAC0-F0F9-4D53-9F75-D754072C32C8} = {D6C1CAC0-F0F9-4D53-9F75-D754072C32C8}
	EndProjectSection
EndProject
Global
	GlobalSection(SolutionConfigurationPlatforms) = preSolution
		Debug|x64 = Debug|x64
		Debug|x86 = Debug|x86
		Release|x64 = Release|x64
		Release|x86 = Release|x86
	EndGlobalSection
	GlobalSection(ProjectConfigurationPlatforms) = postSolution
		{1918A987-944E-428E-B540-A683FD9F8A92}.Debug|x64.ActiveCfg = Debug|x64
		{1918A987-944E-428E-B540-A683FD9F8A92}.Debug|x64.Build.0 = Debug|x64
		{1918A987-944E-428E-B540-A683FD9F8A92}.Debug|x86.ActiveCfg = Debug|Win32
		{1918A987-944E-428E-B540-A683FD9F8A92}.Debug|x86.Build.0 = Debug|Win32
		{1918A987-944E-428E-B540-A683FD9F8A92}.Release|x64.ActiveCfg = Release|x64
		{1918A987-944E-428E-B540-A683FD9F8A92}.Release|x64.Build.0 = Release|x64
		{1918A987-944E-428E-B540-A683FD9F8A92}.Release|x86.ActiveCfg = Release|Win32
		{1918A987-944E-428E-B540-A683FD9F8A92}.Release|x86.Build.0 = Release|Win32
		{D6C1CAC0-F0F9-4D53-9F75-D754072C32C8}.Debug|x64.ActiveCfg = Debug|x64
		{D6C1CAC0-F0F9-4D53-9F75-D754072C32C8}.Debug|x64.Build.0 = Debug|x64
		{D6C1CAC0-F0F9-4D53-9F75-D754072C32C8}.Debug|x86.ActiveCfg = Debug|Win32
		{D6C1CAC0-F0F9-4D53-9F75-D754072C32C8}.Debug|x86.Build.0 = Debug|Win32
		{D6C1CAC0-F0F9-4D53-9F75-D754072C32C8}.Release|x64.ActiveCfg = Release|x64
		{D6C1CAC0-F0F9-4D53-9F75-D754072C32C8}.Release|x64.Build.0 = Release|x64
		{D6C1CAC0-F0F9-4D53-9F75-D754072C32C8}.Release|x86.ActiveCfg = Release|Win32
		{D6C1CAC0-F0F9-4D53-9F75-D754072C32C8}.Release|x86.Build.0 = Release|Win32
		{362311C8-5A70-402F-8848-5CF65265B417}.Debug|x64.ActiveCfg = Debug|x64
		{362311C8-5A70-402F-8848-5CF65265B417}.Debug|x64.Build.0 = Debug|x64
		{362311C8-5A70-402F-8848-5CF65265B417}.Debug|x86.ActiveCfg = Debug|Win32
		{362311C8-5A70-402F-8848-5CF65265B417}.Debug|x86.Build.0 = Debug|Win32
		{362311C8-5A70-402F-8848-5CF65265B417}.Release|x64.ActiveCfg = Release|x64
		{362311C8-5A70-402F-8848-5CF65265B417}.Release|x64.Build.0 = Release|x64
		{362311C8-5A70-402F-8848-5CF65265B417}.Release|x86.ActiveCfg = Release|Win32
		{362311C8-5A70-402F-8848-5CF65265B417}.Release|x86.Build.0 = Release|Win32
	EndGlobalSection
	GlobalSection(SolutionProperties) = preSolution
		HideSolutionNode = FALSE
	EndGlobalSection
EndGlobal
